
Microsoft Visual Studio Solution File, Format Version 12.00
# Visual Studio Version 16
VisualStudioVersion = 16.0.30114.105
MinimumVisualStudioVersion = 10.0.40219.1
Project("{2150E333-8FDC-42A3-9474-1A3956D46DE8}") = "src", "src", "{C0CAE6BE-9CC5-4023-AB97-4DFA50787900}"
EndProject
Project("{FAE04EC0-301F-11D3-BF4B-00C04F79EFBC}") = "CheckoutKataKEO.Core", "src\CheckoutKataKEO.Core\CheckoutKataKEO.Core.csproj", "{7F988917-FD59-4385-B1E0-D4C828ADCF1C}"
EndProject
Project("{2150E333-8FDC-42A3-9474-1A3956D46DE8}") = "tests", "tests", "{CFAAC5E6-7392-4669-ACAA-57F427BF834B}"
EndProject
Project("{FAE04EC0-301F-11D3-BF4B-00C04F79EFBC}") = "CheckoutKataKEO.Tests", "tests\CheckoutKataKEO.Tests\CheckoutKataKEO.Tests.csproj", "{AA154926-797B-4448-8311-4C0F0D7761C8}"
EndProject
Global
	GlobalSection(SolutionConfigurationPlatforms) = preSolution
		Debug|Any CPU = Debug|Any CPU
		Release|Any CPU = Release|Any CPU
	EndGlobalSection
	GlobalSection(SolutionProperties) = preSolution
		HideSolutionNode = FALSE
	EndGlobalSection
	GlobalSection(ProjectConfigurationPlatforms) = postSolution
		{7F988917-FD59-4385-B1E0-D4C828ADCF1C}.Debug|Any CPU.ActiveCfg = Debug|Any CPU
		{7F988917-FD59-4385-B1E0-D4C828ADCF1C}.Debug|Any CPU.Build.0 = Debug|Any CPU
		{7F988917-FD59-4385-B1E0-D4C828ADCF1C}.Release|Any CPU.ActiveCfg = Release|Any CPU
		{7F988917-FD59-4385-B1E0-D4C828ADCF1C}.Release|Any CPU.Build.0 = Release|Any CPU
		{AA154926-797B-4448-8311-4C0F0D7761C8}.Debug|Any CPU.ActiveCfg = Debug|Any CPU
		{AA154926-797B-4448-8311-4C0F0D7761C8}.Debug|Any CPU.Build.0 = Debug|Any CPU
		{AA154926-797B-4448-8311-4C0F0D7761C8}.Release|Any CPU.ActiveCfg = Release|Any CPU
		{AA154926-797B-4448-8311-4C0F0D7761C8}.Release|Any CPU.Build.0 = Release|Any CPU
	EndGlobalSection
	GlobalSection(NestedProjects) = preSolution
		{7F988917-FD59-4385-B1E0-D4C828ADCF1C} = {C0CAE6BE-9CC5-4023-AB97-4DFA50787900}
		{AA154926-797B-4448-8311-4C0F0D7761C8} = {CFAAC5E6-7392-4669-ACAA-57F427BF834B}
	EndGlobalSection
EndGlobal
